// !$*UTF8*$!
{
	archiveVersion = 1;
	classes = {
	};
	objectVersion = 50;
	objects = {

/* Begin PBXBuildFile section */
		288BD3C923C91C0100B39450 /* AppDelegate.swift in Sources */ = {isa = PBXBuildFile; fileRef = 288BD3C823C91C0100B39450 /* AppDelegate.swift */; };
		288BD3CB23C91C0100B39450 /* SceneDelegate.swift in Sources */ = {isa = PBXBuildFile; fileRef = 288BD3CA23C91C0100B39450 /* SceneDelegate.swift */; };
		288BD3CD23C91C0100B39450 /* ViewController.swift in Sources */ = {isa = PBXBuildFile; fileRef = 288BD3CC23C91C0100B39450 /* ViewController.swift */; };
		288BD3D023C91C0100B39450 /* Main.storyboard in Resources */ = {isa = PBXBuildFile; fileRef = 288BD3CE23C91C0100B39450 /* Main.storyboard */; };
		288BD3D223C91C0200B39450 /* Assets.xcassets in Resources */ = {isa = PBXBuildFile; fileRef = 288BD3D123C91C0200B39450 /* Assets.xcassets */; };
		288BD3D523C91C0200B39450 /* LaunchScreen.storyboard in Resources */ = {isa = PBXBuildFile; fileRef = 288BD3D323C91C0200B39450 /* LaunchScreen.storyboard */; };
/* End PBXBuildFile section */

/* Begin PBXFileReference section */
		288BD3C523C91C0100B39450 /* AnimationTechniques.app */ = {isa = PBXFileReference; explicitFileType = wrapper.application; includeInIndex = 0; path = AnimationTechniques.app; sourceTree = BUILT_PRODUCTS_DIR; };
		288BD3C823C91C0100B39450 /* AppDelegate.swift */ = {isa = PBXFileReference; lastKnownFileType = sourcecode.swift; path = AppDelegate.swift; sourceTree = "<group>"; };
		288BD3CA23C91C0100B39450 /* SceneDelegate.swift */ = {isa = PBXFileReference; lastKnownFileType = sourcecode.swift; path = SceneDelegate.swift; sourceTree = "<group>"; };
		288BD3CC23C91C0100B39450 /* ViewController.swift */ = {isa = PBXFileReference; lastKnownFileType = sourcecode.swift; path = ViewController.swift; sourceTree = "<group>"; };
		288BD3CF23C91C0100B39450 /* Base */ = {isa = PBXFileReference; lastKnownFileType = file.storyboard; name = Base; path = Base.lproj/Main.storyboard; sourceTree = "<group>"; };
		288BD3D123C91C0200B39450 /* Assets.xcassets */ = {isa = PBXFileReference; lastKnownFileType = folder.assetcatalog; path = Assets.xcassets; sourceTree = "<group>"; };
		288BD3D423C91C0200B39450 /* Base */ = {isa = PBXFileReference; lastKnownFileType = file.storyboard; name = Base; path = Base.lproj/LaunchScreen.storyboard; sourceTree = "<group>"; };
		288BD3D623C91C0200B39450 /* Info.plist */ = {isa = PBXFileReference; lastKnownFileType = text.plist.xml; path = Info.plist; sourceTree = "<group>"; };
/* End PBXFileReference section */

/* Begin PBXFrameworksBuildPhase section */
		288BD3C223C91C0100B39450 /* Frameworks */ = {
			isa = PBXFrameworksBuildPhase;
			buildActionMask = 2147483647;
			files = (
			);
			runOnlyForDeploymentPostprocessing = 0;
		};
/* End PBXFrameworksBuildPhase section */

/* Begin PBXGroup section */
		288BD3BC23C91C0100B39450 = {
			isa = PBXGroup;
			children = (
				288BD3C723C91C0100B39450 /* AnimationTechniques */,
				288BD3C623C91C0100B39450 /* Products */,
			);
			sourceTree = "<group>";
		};
		288BD3C623C91C0100B39450 /* Products */ = {
			isa = PBXGroup;
			children = (
				288BD3C523C91C0100B39450 /* AnimationTechniques.app */,
			);
			name = Products;
			sourceTree = "<group>";
		};
		288BD3C723C91C0100B39450 /* AnimationTechniques */ = {
			isa = PBXGroup;
			children = (
				288BD3C823C91C0100B39450 /* AppDelegate.swift */,
				288BD3CA23C91C0100B39450 /* SceneDelegate.swift */,
				288BD3CC23C91C0100B39450 /* ViewController.swift */,
				288BD3CE23C91C0100B39450 /* Main.storyboard */,
				288BD3D123C91C0200B39450 /* Assets.xcassets */,
				288BD3D323C91C0200B39450 /* LaunchScreen.storyboard */,
				288BD3D623C91C0200B39450 /* Info.plist */,
			);
			path = AnimationTechniques;
			sourceTree = "<group>";
		};
/* End PBXGroup section */

/* Begin PBXNativeTarget section */
		288BD3C423C91C0100B39450 /* AnimationTechniques */ = {
			isa = PBXNativeTarget;
			buildConfigurationList = 288BD3D923C91C0200B39450 /* Build configuration list for PBXNativeTarget "AnimationTechniques" */;
			buildPhases = (
				288BD3C123C91C0100B39450 /* Sources */,
				288BD3C223C91C0100B39450 /* Frameworks */,
				288BD3C323C91C0100B39450 /* Resources */,
			);
			buildRules = (
			);
			dependencies = (
			);
			name = AnimationTechniques;
			productName = AnimationTechniques;
			productReference = 288BD3C523C91C0100B39450 /* AnimationTechniques.app */;
			productType = "com.apple.product-type.application";
		};
/* End PBXNativeTarget section */

/* Begin PBXProject section */
		288BD3BD23C91C0100B39450 /* Project object */ = {
			isa = PBXProject;
			attributes = {
				LastSwiftUpdateCheck = 1130;
				LastUpgradeCheck = 1130;
				ORGANIZATIONNAME = com.ahmedkhalaf;
				TargetAttributes = {
					288BD3C423C91C0100B39450 = {
						CreatedOnToolsVersion = 11.3;
					};
				};
			};
			buildConfigurationList = 288BD3C023C91C0100B39450 /* Build configuration list for PBXProject "AnimationTechniques" */;
			compatibilityVersion = "Xcode 9.3";
			developmentRegion = en;
			hasScannedForEncodings = 0;
			knownRegions = (
				en,
				Base,
			);
			mainGroup = 288BD3BC23C91C0100B39450;
			productRefGroup = 288BD3C623C91C0100B39450 /* Products */;
			projectDirPath = "";
			projectRoot = "";
			targets = (
				288BD3C423C91C0100B39450 /* AnimationTechniques */,
			);
		};
/* End PBXProject section */

/* Begin PBXResourcesBuildPhase section */
		288BD3C323C91C0100B39450 /* Resources */ = {
			isa = PBXResourcesBuildPhase;
			buildActionMask = 2147483647;
			files = (
				288BD3D523C91C0200B39450 /* LaunchScreen.storyboard in Resources */,
				288BD3D223C91C0200B39450 /* Assets.xcassets in Resources */,
				288BD3D023C91C0100B39450 /* Main.storyboard in Resources */,
			);
			runOnlyForDeploymentPostprocessing = 0;
		};
/* End PBXResourcesBuildPhase section */

/* Begin PBXSourcesBuildPhase section */
		288BD3C123C91C0100B39450 /* Sources */ = {
			isa = PBXSourcesBuildPhase;
			buildActionMask = 2147483647;
			files = (
				288BD3CD23C91C0100B39450 /* ViewController.swift in Sources */,
				288BD3C923C91C0100B39450 /* AppDelegate.swift in Sources */,
				288BD3CB23C91C0100B39450 /* SceneDelegate.swift in Sources */,
			);
			runOnlyForDeploymentPostprocessing = 0;
		};
/* End PBXSourcesBuildPhase section */

/* Begin PBXVariantGroup section */
		288BD3CE23C91C0100B39450 /* Main.storyboard */ = {
			isa = PBXVariantGroup;
			children = (
				288BD3CF23C91C0100B39450 /* Base */,
			);
			name = Main.storyboard;
			sourceTree = "<group>";
		};
		288BD3D323C91C0200B39450 /* LaunchScreen.storyboard */ = {
			isa = PBXVariantGroup;
			children = (
				288BD3D423C91C0200B39450 /* Base */,
			);
			name = LaunchScreen.storyboard;
			sourceTree = "<group>";
		};
/* End PBXVariantGroup section */

/* Begin XCBuildConfiguration section */
		288BD3D723C91C0200B39450 /* Debug */ = {
			isa = XCBuildConfiguration;
			buildSettings = {
				ALWAYS_SEARCH_USER_PATHS = NO;
				CLANG_ANALYZER_NONNULL = YES;
				CLANG_ANALYZER_NUMBER_OBJECT_CONVERSION = YES_AGGRESSIVE;
				CLANG_CXX_LANGUAGE_STANDARD = "gnu++14";
				CLANG_CXX_LIBRARY = "libc++";
				CLANG_ENABLE_MODULES = YES;
				CLANG_ENABLE_OBJC_ARC = YES;
				CLANG_ENABLE_OBJC_WEAK = YES;
				CLANG_WARN_BLOCK_CAPTURE_AUTORELEASING = YES;
				CLANG_WARN_BOOL_CONVERSION = YES;
				CLANG_WARN_COMMA = YES;
				CLANG_WARN_CONSTANT_CONVERSION = YES;
				CLANG_WARN_DEPRECATED_OBJC_IMPLEMENTATIONS = YES;
				CLANG_WARN_DIRECT_OBJC_ISA_USAGE = YES_ERROR;
				CLANG_WARN_DOCUMENTATION_COMMENTS = YES;
				CLANG_WARN_EMPTY_BODY = YES;
				CLANG_WARN_ENUM_CONVERSION = YES;
				CLANG_WARN_INFINITE_RECURSION = YES;
				CLANG_WARN_INT_CONVERSION = YES;
				CLANG_WARN_NON_LITERAL_NULL_CONVERSION = YES;
				CLANG_WARN_OBJC_IMPLICIT_RETAIN_SELF = YES;
				CLANG_WARN_OBJC_LITERAL_CONVERSION = YES;
				CLANG_WARN_OBJC_ROOT_CLASS = YES_ERROR;
				CLANG_WARN_RANGE_LOOP_ANALYSIS = YES;
				CLANG_WARN_STRICT_PROTOTYPES = YES;
				CLANG_WARN_SUSPICIOUS_MOVE = YES;
				CLANG_WARN_UNGUARDED_AVAILABILITY = YES_AGGRESSIVE;
				CLANG_WARN_UNREACHABLE_CODE = YES;
				CLANG_WARN__DUPLICATE_METHOD_MATCH = YES;
				COPY_PHASE_STRIP = NO;
				DEBUG_INFORMATION_FORMAT = dwarf;
				ENABLE_STRICT_OBJC_MSGSEND = YES;
				ENABLE_TESTABILITY = YES;
				GCC_C_LANGUAGE_STANDARD = gnu11;
				GCC_DYNAMIC_NO_PIC = NO;
				GCC_NO_COMMON_BLOCKS = YES;
				GCC_OPTIMIZATION_LEVEL = 0;
				GCC_PREPROCESSOR_DEFINITIONS = (
					"DEBUG=1",
					"$(inherited)",
				);
				GCC_WARN_64_TO_32_BIT_CONVERSION = YES;
				GCC_WARN_ABOUT_RETURN_TYPE = YES_ERROR;
				GCC_WARN_UNDECLARED_SELECTOR = YES;
				GCC_WARN_UNINITIALIZED_AUTOS = YES_AGGRESSIVE;
				GCC_WARN_UNUSED_FUNCTION = YES;
				GCC_WARN_UNUSED_VARIABLE = YES;
				IPHONEOS_DEPLOYMENT_TARGET = 13.2;
				MTL_ENABLE_DEBUG_INFO = INCLUDE_SOURCE;
				MTL_FAST_MATH = YES;
				ONLY_ACTIVE_ARCH = YES;
				SDKROOT = iphoneos;
				SWIFT_ACTIVE_COMPILATION_CONDITIONS = DEBUG;
				SWIFT_OPTIMIZATION_LEVEL = "-Onone";
			};
			name = Debug;
		};
		288BD3D823C91C0200B39450 /* Release */ = {
			isa = XCBuildConfiguration;
			buildSettings = {
				ALWAYS_SEARCH_USER_PATHS = NO;
				CLANG_ANALYZER_NONNULL = YES;
				CLANG_ANALYZER_NUMBER_OBJECT_CONVERSION = YES_AGGRESSIVE;
				CLANG_CXX_LANGUAGE_STANDARD = "gnu++14";
				CLANG_CXX_LIBRARY = "libc++";
				CLANG_ENABLE_MODULES = YES;
				CLANG_ENABLE_OBJC_ARC = YES;
				CLANG_ENABLE_OBJC_WEAK = YES;
				CLANG_WARN_BLOCK_CAPTURE_AUTORELEASING = YES;
				CLANG_WARN_BOOL_CONVERSION = YES;
				CLANG_WARN_COMMA = YES;
				CLANG_WARN_CONSTANT_CONVERSION = YES;
				CLANG_WARN_DEPRECATED_OBJC_IMPLEMENTATIONS = YES;
				CLANG_WARN_DIRECT_OBJC_ISA_USAGE = YES_ERROR;
				CLANG_WARN_DOCUMENTATION_COMMENTS = YES;
				CLANG_WARN_EMPTY_BODY = YES;
				CLANG_WARN_ENUM_CONVERSION = YES;
				CLANG_WARN_INFINITE_RECURSION = YES;
				CLANG_WARN_INT_CONVERSION = YES;
				CLANG_WARN_NON_LITERAL_NULL_CONVERSION = YES;
				CLANG_WARN_OBJC_IMPLICIT_RETAIN_SELF = YES;
				CLANG_WARN_OBJC_LITERAL_CONVERSION = YES;
				CLANG_WARN_OBJC_ROOT_CLASS = YES_ERROR;
				CLANG_WARN_RANGE_LOOP_ANALYSIS = YES;
				CLANG_WARN_STRICT_PROTOTYPES = YES;
				CLANG_WARN_SUSPICIOUS_MOVE = YES;
				CLANG_WARN_UNGUARDED_AVAILABILITY = YES_AGGRESSIVE;
				CLANG_WARN_UNREACHABLE_CODE = YES;
				CLANG_WARN__DUPLICATE_METHOD_MATCH = YES;
				COPY_PHASE_STRIP = NO;
				DEBUG_INFORMATION_FORMAT = "dwarf-with-dsym";
				ENABLE_NS_ASSERTIONS = NO;
				ENABLE_STRICT_OBJC_MSGSEND = YES;
				GCC_C_LANGUAGE_STANDARD = gnu11;
				GCC_NO_COMMON_BLOCKS = YES;
				GCC_WARN_64_TO_32_BIT_CONVERSION = YES;
				GCC_WARN_ABOUT_RETURN_TYPE = YES_ERROR;
				GCC_WARN_UNDECLARED_SELECTOR = YES;
				GCC_WARN_UNINITIALIZED_AUTOS = YES_AGGRESSIVE;
				GCC_WARN_UNUSED_FUNCTION = YES;
				GCC_WARN_UNUSED_VARIABLE = YES;
				IPHONEOS_DEPLOYMENT_TARGET = 13.2;
				MTL_ENABLE_DEBUG_INFO = NO;
				MTL_FAST_MATH = YES;
				SDKROOT = iphoneos;
				SWIFT_COMPILATION_MODE = wholemodule;
				SWIFT_OPTIMIZATION_LEVEL = "-O";
				VALIDATE_PRODUCT = YES;
			};
			name = Release;
		};
		288BD3DA23C91C0200B39450 /* Debug */ = {
			isa = XCBuildConfiguration;
			buildSettings = {
				ASSETCATALOG_COMPILER_APPICON_NAME = AppIcon;
				CODE_SIGN_STYLE = Automatic;
				INFOPLIST_FILE = AnimationTechniques/Info.plist;
				LD_RUNPATH_SEARCH_PATHS = (
					"$(inherited)",
					"@executable_path/Frameworks",
				);
				PRODUCT_BUNDLE_IDENTIFIER = AIT.AnimationTechniques;
				PRODUCT_NAME = "$(TARGET_NAME)";
				SWIFT_VERSION = 5.0;
				TARGETED_DEVICE_FAMILY = "1,2";
			};
			name = Debug;
		};
		288BD3DB23C91C0200B39450 /* Release */ = {
			isa = XCBuildConfiguration;
			buildSettings = {
				ASSETCATALOG_COMPILER_APPICON_NAME = AppIcon;
				CODE_SIGN_STYLE = Automatic;
				INFOPLIST_FILE = AnimationTechniques/Info.plist;
				LD_RUNPATH_SEARCH_PATHS = (
					"$(inherited)",
					"@executable_path/Frameworks",
				);
				PRODUCT_BUNDLE_IDENTIFIER = AIT.AnimationTechniques;
				PRODUCT_NAME = "$(TARGET_NAME)";
				SWIFT_VERSION = 5.0;
				TARGETED_DEVICE_FAMILY = "1,2";
			};
			name = Release;
		};
/* End XCBuildConfiguration section */

/* Begin XCConfigurationList section */
		288BD3C023C91C0100B39450 /* Build configuration list for PBXProject "AnimationTechniques" */ = {
			isa = XCConfigurationList;
			buildConfigurations = (
				288BD3D723C91C0200B39450 /* Debug */,
				288BD3D823C91C0200B39450 /* Release */,
			);
			defaultConfigurationIsVisible = 0;
			defaultConfigurationName = Release;
		};
		288BD3D923C91C0200B39450 /* Build configuration list for PBXNativeTarget "AnimationTechniques" */ = {
			isa = XCConfigurationList;
			buildConfigurations = (
				288BD3DA23C91C0200B39450 /* Debug */,
				288BD3DB23C91C0200B39450 /* Release */,
			);
			defaultConfigurationIsVisible = 0;
			defaultConfigurationName = Release;
		};
/* End XCConfigurationList section */
	};
	rootObject = 288BD3BD23C91C0100B39450 /* Project object */;
}
